
Microsoft Visual Studio Solution File, Format Version 11.00
# Visual Studio 2010
Project("{E24C65DC-7377-472B-9ABA-BC803B73C61A}") = "LoginLogout", ".", "{E49EC1DA-211D-482B-A1D5-4593E45CFB1D}"
	ProjectSection(WebsiteProperties) = preProject
		TargetFrameworkMoniker = ".NETFramework,Version%3Dv4.0"
		Debug.AspNetCompiler.VirtualPath = "/LoginLogout"
		Debug.AspNetCompiler.PhysicalPath = "..\LoginLogout\"
		Debug.AspNetCompiler.TargetPath = "PrecompiledWeb\LoginLogout\"
		Debug.AspNetCompiler.Updateable = "true"
		Debug.AspNetCompiler.ForceOverwrite = "true"
		Debug.AspNetCompiler.FixedNames = "false"
		Debug.AspNetCompiler.Debug = "True"
		Release.AspNetCompiler.VirtualPath = "/LoginLogout"
		Release.AspNetCompiler.PhysicalPath = "..\LoginLogout\"
		Release.AspNetCompiler.TargetPath = "PrecompiledWeb\LoginLogout\"
		Release.AspNetCompiler.Updateable = "true"
		Release.AspNetCompiler.ForceOverwrite = "true"
		Release.AspNetCompiler.FixedNames = "false"
		Release.AspNetCompiler.Debug = "False"
		VWDPort = "53680"
	EndProjectSection
EndProject
Global
	GlobalSection(SolutionConfigurationPlatforms) = preSolution
		Debug|Any CPU = Debug|Any CPU
	EndGlobalSection
	GlobalSection(ProjectConfigurationPlatforms) = postSolution
		{E49EC1DA-211D-482B-A1D5-4593E45CFB1D}.Debug|Any CPU.ActiveCfg = Debug|Any CPU
		{E49EC1DA-211D-482B-A1D5-4593E45CFB1D}.Debug|Any CPU.Build.0 = Debug|Any CPU
	EndGlobalSection
	GlobalSection(SolutionProperties) = preSolution
		HideSolutionNode = FALSE
	EndGlobalSection
EndGlobal
